
Microsoft Visual Studio Solution File, Format Version 12.00
# Visual Studio 15
VisualStudioVersion = 15.0.26430.13
MinimumVisualStudioVersion = 10.0.40219.1
Project("{2150E333-8FDC-42A3-9474-1A3956D46DE8}") = "src", "src", "{92E143F6-58EF-414E-A76F-62A01B36AC76}"
EndProject
Project("{2150E333-8FDC-42A3-9474-1A3956D46DE8}") = "Solution Items", "Solution Items", "{67B90049-D707-44F7-A990-D58B189213C6}"
	ProjectSection(SolutionItems) = preProject
		global.json = global.json
	EndProjectSection
EndProject
Project("{9A19103F-16F7-4668-BE54-9A1E7A4F7556}") = "Assent", "src\Assent\Assent.csproj", "{4565ACE4-F851-4905-A22A-AD8F4586A678}"
EndProject
Project("{9A19103F-16F7-4668-BE54-9A1E7A4F7556}") = "Assent.Tests", "src\Assent.Tests\Assent.Tests.csproj", "{0B9F715E-AEC3-4438-862C-709CF5F2D6FB}"
EndProject
Project("{9A19103F-16F7-4668-BE54-9A1E7A4F7556}") = "Sandbox", "src\Sandbox\Sandbox.csproj", "{CC16B6F1-693D-4915-8848-2AC220E7CBE8}"
EndProject
Global
	GlobalSection(SolutionConfigurationPlatforms) = preSolution
		Debug|Any CPU = Debug|Any CPU
		Release|Any CPU = Release|Any CPU
	EndGlobalSection
	GlobalSection(ProjectConfigurationPlatforms) = postSolution
		{4565ACE4-F851-4905-A22A-AD8F4586A678}.Debug|Any CPU.ActiveCfg = Debug|Any CPU
		{4565ACE4-F851-4905-A22A-AD8F4586A678}.Debug|Any CPU.Build.0 = Debug|Any CPU
		{4565ACE4-F851-4905-A22A-AD8F4586A678}.Release|Any CPU.ActiveCfg = Release|Any CPU
		{4565ACE4-F851-4905-A22A-AD8F4586A678}.Release|Any CPU.Build.0 = Release|Any CPU
		{0B9F715E-AEC3-4438-862C-709CF5F2D6FB}.Debug|Any CPU.ActiveCfg = Debug|Any CPU
		{0B9F715E-AEC3-4438-862C-709CF5F2D6FB}.Debug|Any CPU.Build.0 = Debug|Any CPU
		{0B9F715E-AEC3-4438-862C-709CF5F2D6FB}.Release|Any CPU.ActiveCfg = Release|Any CPU
		{0B9F715E-AEC3-4438-862C-709CF5F2D6FB}.Release|Any CPU.Build.0 = Release|Any CPU
		{CC16B6F1-693D-4915-8848-2AC220E7CBE8}.Debug|Any CPU.ActiveCfg = Debug|Any CPU
		{CC16B6F1-693D-4915-8848-2AC220E7CBE8}.Debug|Any CPU.Build.0 = Debug|Any CPU
		{CC16B6F1-693D-4915-8848-2AC220E7CBE8}.Release|Any CPU.ActiveCfg = Release|Any CPU
		{CC16B6F1-693D-4915-8848-2AC220E7CBE8}.Release|Any CPU.Build.0 = Release|Any CPU
	EndGlobalSection
	GlobalSection(SolutionProperties) = preSolution
		HideSolutionNode = FALSE
	EndGlobalSection
	GlobalSection(NestedProjects) = preSolution
		{4565ACE4-F851-4905-A22A-AD8F4586A678} = {92E143F6-58EF-414E-A76F-62A01B36AC76}
		{0B9F715E-AEC3-4438-862C-709CF5F2D6FB} = {92E143F6-58EF-414E-A76F-62A01B36AC76}
		{CC16B6F1-693D-4915-8848-2AC220E7CBE8} = {92E143F6-58EF-414E-A76F-62A01B36AC76}
	EndGlobalSection
EndGlobal
